// !$*UTF8*$!
{
	archiveVersion = 1;
	classes = {
	};
	objectVersion = 51;
	objects = {

/* Begin PBXBuildFile section */
		2391CE0843271E83B2EE043F /* Pods_MQTTDemo.framework in Frameworks */ = {isa = PBXBuildFile; fileRef = AC96CE979CED85AC11941518 /* Pods_MQTTDemo.framework */; };
		5F28DE29264142F5007597B7 /* Secure.swift in Sources */ = {isa = PBXBuildFile; fileRef = 5F28DE28264142F5007597B7 /* Secure.swift */; };
		A4882D0A26400E6F0047BC6A /* MQTTDemoApp.swift in Sources */ = {isa = PBXBuildFile; fileRef = A4882D0926400E6F0047BC6A /* MQTTDemoApp.swift */; };
		A4882D0C26400E6F0047BC6A /* ContentView.swift in Sources */ = {isa = PBXBuildFile; fileRef = A4882D0B26400E6F0047BC6A /* ContentView.swift */; };
		A4882D0E26400E700047BC6A /* Assets.xcassets in Resources */ = {isa = PBXBuildFile; fileRef = A4882D0D26400E700047BC6A /* Assets.xcassets */; };
		A4882D1126400E700047BC6A /* Preview Assets.xcassets in Resources */ = {isa = PBXBuildFile; fileRef = A4882D1026400E700047BC6A /* Preview Assets.xcassets */; };
/* End PBXBuildFile section */

/* Begin PBXFileReference section */
		35AF4403A9BDAEDC99EEAB04 /* Pods-MQTTDemo.debug.xcconfig */ = {isa = PBXFileReference; includeInIndex = 1; lastKnownFileType = text.xcconfig; name = "Pods-MQTTDemo.debug.xcconfig"; path = "Target Support Files/Pods-MQTTDemo/Pods-MQTTDemo.debug.xcconfig"; sourceTree = "<group>"; };
		5F28DE28264142F5007597B7 /* Secure.swift */ = {isa = PBXFileReference; fileEncoding = 4; lastKnownFileType = sourcecode.swift; path = Secure.swift; sourceTree = "<group>"; };
		73A1E833E0A8BE7A63CD4587 /* Pods-MQTTDemo.release.xcconfig */ = {isa = PBXFileReference; includeInIndex = 1; lastKnownFileType = text.xcconfig; name = "Pods-MQTTDemo.release.xcconfig"; path = "Target Support Files/Pods-MQTTDemo/Pods-MQTTDemo.release.xcconfig"; sourceTree = "<group>"; };
		A4882D0626400E6F0047BC6A /* MQTTDemo.app */ = {isa = PBXFileReference; explicitFileType = wrapper.application; includeInIndex = 0; path = MQTTDemo.app; sourceTree = BUILT_PRODUCTS_DIR; };
		A4882D0926400E6F0047BC6A /* MQTTDemoApp.swift */ = {isa = PBXFileReference; lastKnownFileType = sourcecode.swift; path = MQTTDemoApp.swift; sourceTree = "<group>"; };
		A4882D0B26400E6F0047BC6A /* ContentView.swift */ = {isa = PBXFileReference; lastKnownFileType = sourcecode.swift; path = ContentView.swift; sourceTree = "<group>"; };
		A4882D0D26400E700047BC6A /* Assets.xcassets */ = {isa = PBXFileReference; lastKnownFileType = folder.assetcatalog; path = Assets.xcassets; sourceTree = "<group>"; };
		A4882D1026400E700047BC6A /* Preview Assets.xcassets */ = {isa = PBXFileReference; lastKnownFileType = folder.assetcatalog; path = "Preview Assets.xcassets"; sourceTree = "<group>"; };
		A4882D1226400E700047BC6A /* Info.plist */ = {isa = PBXFileReference; lastKnownFileType = text.plist.xml; path = Info.plist; sourceTree = "<group>"; };
		AC96CE979CED85AC11941518 /* Pods_MQTTDemo.framework */ = {isa = PBXFileReference; explicitFileType = wrapper.framework; includeInIndex = 0; path = Pods_MQTTDemo.framework; sourceTree = BUILT_PRODUCTS_DIR; };
/* End PBXFileReference section */

/* Begin PBXFrameworksBuildPhase section */
		A4882D0326400E6F0047BC6A /* Frameworks */ = {
			isa = PBXFrameworksBuildPhase;
			buildActionMask = 2147483647;
			files = (
				2391CE0843271E83B2EE043F /* Pods_MQTTDemo.framework in Frameworks */,
			);
			runOnlyForDeploymentPostprocessing = 0;
		};
/* End PBXFrameworksBuildPhase section */

/* Begin PBXGroup section */
		511F080092306FBDE18B9842 /* Frameworks */ = {
			isa = PBXGroup;
			children = (
				AC96CE979CED85AC11941518 /* Pods_MQTTDemo.framework */,
			);
			name = Frameworks;
			sourceTree = "<group>";
		};
		A1770D7D07A7075FEEBCF922 /* Pods */ = {
			isa = PBXGroup;
			children = (
				35AF4403A9BDAEDC99EEAB04 /* Pods-MQTTDemo.debug.xcconfig */,
				73A1E833E0A8BE7A63CD4587 /* Pods-MQTTDemo.release.xcconfig */,
			);
			path = Pods;
			sourceTree = "<group>";
		};
		A4882CFD26400E6F0047BC6A = {
			isa = PBXGroup;
			children = (
				A4882D0826400E6F0047BC6A /* MQTTDemo */,
				A4882D0726400E6F0047BC6A /* Products */,
				A1770D7D07A7075FEEBCF922 /* Pods */,
				511F080092306FBDE18B9842 /* Frameworks */,
			);
			sourceTree = "<group>";
		};
		A4882D0726400E6F0047BC6A /* Products */ = {
			isa = PBXGroup;
			children = (
				A4882D0626400E6F0047BC6A /* MQTTDemo.app */,
			);
			name = Products;
			sourceTree = "<group>";
		};
		A4882D0826400E6F0047BC6A /* MQTTDemo */ = {
			isa = PBXGroup;
			children = (
				A4882D0926400E6F0047BC6A /* MQTTDemoApp.swift */,
				A4882D0B26400E6F0047BC6A /* ContentView.swift */,
				5F28DE28264142F5007597B7 /* Secure.swift */,
				A4882D0D26400E700047BC6A /* Assets.xcassets */,
				A4882D1226400E700047BC6A /* Info.plist */,
				A4882D0F26400E700047BC6A /* Preview Content */,
			);
			path = MQTTDemo;
			sourceTree = "<group>";
		};
		A4882D0F26400E700047BC6A /* Preview Content */ = {
			isa = PBXGroup;
			children = (
				A4882D1026400E700047BC6A /* Preview Assets.xcassets */,
			);
			path = "Preview Content";
			sourceTree = "<group>";
		};
/* End PBXGroup section */

/* Begin PBXNativeTarget section */
		A4882D0526400E6F0047BC6A /* MQTTDemo */ = {
			isa = PBXNativeTarget;
			buildConfigurationList = A4882D1526400E700047BC6A /* Build configuration list for PBXNativeTarget "MQTTDemo" */;
			buildPhases = (
				B7A689115B44451AE378047A /* [CP] Check Pods Manifest.lock */,
				A4882D0226400E6F0047BC6A /* Sources */,
				A4882D0326400E6F0047BC6A /* Frameworks */,
				A4882D0426400E6F0047BC6A /* Resources */,
				6AA0822CCCD97963A882FF87 /* [CP] Embed Pods Frameworks */,
				A440F2272641357C004AB3D0 /* ShellScript */,
			);
			buildRules = (
			);
			dependencies = (
			);
			name = MQTTDemo;
			productName = MQTTDemo;
			productReference = A4882D0626400E6F0047BC6A /* MQTTDemo.app */;
			productType = "com.apple.product-type.application";
		};
/* End PBXNativeTarget section */

/* Begin PBXProject section */
		A4882CFE26400E6F0047BC6A /* Project object */ = {
			isa = PBXProject;
			attributes = {
				LastSwiftUpdateCheck = 1250;
				LastUpgradeCheck = 1250;
				TargetAttributes = {
					A4882D0526400E6F0047BC6A = {
						CreatedOnToolsVersion = 12.5;
					};
				};
			};
			buildConfigurationList = A4882D0126400E6F0047BC6A /* Build configuration list for PBXProject "MQTTDemo" */;
			compatibilityVersion = "Xcode 9.3";
			developmentRegion = en;
			hasScannedForEncodings = 0;
			knownRegions = (
				en,
				Base,
			);
			mainGroup = A4882CFD26400E6F0047BC6A;
			productRefGroup = A4882D0726400E6F0047BC6A /* Products */;
			projectDirPath = "";
			projectRoot = "";
			targets = (
				A4882D0526400E6F0047BC6A /* MQTTDemo */,
			);
		};
/* End PBXProject section */

/* Begin PBXResourcesBuildPhase section */
		A4882D0426400E6F0047BC6A /* Resources */ = {
			isa = PBXResourcesBuildPhase;
			buildActionMask = 2147483647;
			files = (
				A4882D1126400E700047BC6A /* Preview Assets.xcassets in Resources */,
				A4882D0E26400E700047BC6A /* Assets.xcassets in Resources */,
			);
			runOnlyForDeploymentPostprocessing = 0;
		};
/* End PBXResourcesBuildPhase section */

/* Begin PBXShellScriptBuildPhase section */
		6AA0822CCCD97963A882FF87 /* [CP] Embed Pods Frameworks */ = {
			isa = PBXShellScriptBuildPhase;
			buildActionMask = 2147483647;
			files = (
			);
			inputFileListPaths = (
				"${PODS_ROOT}/Target Support Files/Pods-MQTTDemo/Pods-MQTTDemo-frameworks-${CONFIGURATION}-input-files.xcfilelist",
			);
			name = "[CP] Embed Pods Frameworks";
			outputFileListPaths = (
				"${PODS_ROOT}/Target Support Files/Pods-MQTTDemo/Pods-MQTTDemo-frameworks-${CONFIGURATION}-output-files.xcfilelist",
			);
			runOnlyForDeploymentPostprocessing = 0;
			shellPath = /bin/sh;
			shellScript = "\"${PODS_ROOT}/Target Support Files/Pods-MQTTDemo/Pods-MQTTDemo-frameworks.sh\"\n";
			showEnvVarsInLog = 0;
		};
		A440F2272641357C004AB3D0 /* ShellScript */ = {
			isa = PBXShellScriptBuildPhase;
			buildActionMask = 8;
			files = (
			);
			inputFileListPaths = (
			);
			inputPaths = (
			);
			outputFileListPaths = (
			);
			outputPaths = (
			);
			runOnlyForDeploymentPostprocessing = 1;
			shellPath = /bin/sh;
			shellScript = "# Type a script or drag a script file from your workspace to insert its path.\nif [ “${CONFIGURATION}” = “Debug” ]; then\n“${SRCROOT}/script.sh”\nfi\n";
		};
		B7A689115B44451AE378047A /* [CP] Check Pods Manifest.lock */ = {
			isa = PBXShellScriptBuildPhase;
			buildActionMask = 2147483647;
			files = (
			);
			inputFileListPaths = (
			);
			inputPaths = (
				"${PODS_PODFILE_DIR_PATH}/Podfile.lock",
				"${PODS_ROOT}/Manifest.lock",
			);
			name = "[CP] Check Pods Manifest.lock";
			outputFileListPaths = (
			);
			outputPaths = (
				"$(DERIVED_FILE_DIR)/Pods-MQTTDemo-checkManifestLockResult.txt",
			);
			runOnlyForDeploymentPostprocessing = 0;
			shellPath = /bin/sh;
			shellScript = "diff \"${PODS_PODFILE_DIR_PATH}/Podfile.lock\" \"${PODS_ROOT}/Manifest.lock\" > /dev/null\nif [ $? != 0 ] ; then\n    # print error to STDERR\n    echo \"error: The sandbox is not in sync with the Podfile.lock. Run 'pod install' or update your CocoaPods installation.\" >&2\n    exit 1\nfi\n# This output is used by Xcode 'outputs' to avoid re-running this script phase.\necho \"SUCCESS\" > \"${SCRIPT_OUTPUT_FILE_0}\"\n";
			showEnvVarsInLog = 0;
		};
/* End PBXShellScriptBuildPhase section */

/* Begin PBXSourcesBuildPhase section */
		A4882D0226400E6F0047BC6A /* Sources */ = {
			isa = PBXSourcesBuildPhase;
			buildActionMask = 2147483647;
			files = (
				A4882D0C26400E6F0047BC6A /* ContentView.swift in Sources */,
				5F28DE29264142F5007597B7 /* Secure.swift in Sources */,
				A4882D0A26400E6F0047BC6A /* MQTTDemoApp.swift in Sources */,
			);
			runOnlyForDeploymentPostprocessing = 0;
		};
/* End PBXSourcesBuildPhase section */

/* Begin XCBuildConfiguration section */
		A4882D1326400E700047BC6A /* Debug */ = {
			isa = XCBuildConfiguration;
			buildSettings = {
				ALWAYS_SEARCH_USER_PATHS = NO;
				CLANG_ANALYZER_NONNULL = YES;
				CLANG_ANALYZER_NUMBER_OBJECT_CONVERSION = YES_AGGRESSIVE;
				CLANG_CXX_LANGUAGE_STANDARD = "gnu++14";
				CLANG_CXX_LIBRARY = "libc++";
				CLANG_ENABLE_MODULES = YES;
				CLANG_ENABLE_OBJC_ARC = YES;
				CLANG_ENABLE_OBJC_WEAK = YES;
				CLANG_WARN_BLOCK_CAPTURE_AUTORELEASING = YES;
				CLANG_WARN_BOOL_CONVERSION = YES;
				CLANG_WARN_COMMA = YES;
				CLANG_WARN_CONSTANT_CONVERSION = YES;
				CLANG_WARN_DEPRECATED_OBJC_IMPLEMENTATIONS = YES;
				CLANG_WARN_DIRECT_OBJC_ISA_USAGE = YES_ERROR;
				CLANG_WARN_DOCUMENTATION_COMMENTS = YES;
				CLANG_WARN_EMPTY_BODY = YES;
				CLANG_WARN_ENUM_CONVERSION = YES;
				CLANG_WARN_INFINITE_RECURSION = YES;
				CLANG_WARN_INT_CONVERSION = YES;
				CLANG_WARN_NON_LITERAL_NULL_CONVERSION = YES;
				CLANG_WARN_OBJC_IMPLICIT_RETAIN_SELF = YES;
				CLANG_WARN_OBJC_LITERAL_CONVERSION = YES;
				CLANG_WARN_OBJC_ROOT_CLASS = YES_ERROR;
				CLANG_WARN_QUOTED_INCLUDE_IN_FRAMEWORK_HEADER = YES;
				CLANG_WARN_RANGE_LOOP_ANALYSIS = YES;
				CLANG_WARN_STRICT_PROTOTYPES = YES;
				CLANG_WARN_SUSPICIOUS_MOVE = YES;
				CLANG_WARN_UNGUARDED_AVAILABILITY = YES_AGGRESSIVE;
				CLANG_WARN_UNREACHABLE_CODE = YES;
				CLANG_WARN__DUPLICATE_METHOD_MATCH = YES;
				COPY_PHASE_STRIP = NO;
				DEBUG_INFORMATION_FORMAT = dwarf;
				ENABLE_STRICT_OBJC_MSGSEND = YES;
				ENABLE_TESTABILITY = YES;
				GCC_C_LANGUAGE_STANDARD = gnu11;
				GCC_DYNAMIC_NO_PIC = NO;
				GCC_NO_COMMON_BLOCKS = YES;
				GCC_OPTIMIZATION_LEVEL = 0;
				GCC_PREPROCESSOR_DEFINITIONS = (
					"DEBUG=1",
					"$(inherited)",
				);
				GCC_WARN_64_TO_32_BIT_CONVERSION = YES;
				GCC_WARN_ABOUT_RETURN_TYPE = YES_ERROR;
				GCC_WARN_UNDECLARED_SELECTOR = YES;
				GCC_WARN_UNINITIALIZED_AUTOS = YES_AGGRESSIVE;
				GCC_WARN_UNUSED_FUNCTION = YES;
				GCC_WARN_UNUSED_VARIABLE = YES;
				IPHONEOS_DEPLOYMENT_TARGET = 14.5;
				MTL_ENABLE_DEBUG_INFO = INCLUDE_SOURCE;
				MTL_FAST_MATH = YES;
				ONLY_ACTIVE_ARCH = YES;
				SDKROOT = iphoneos;
				SWIFT_ACTIVE_COMPILATION_CONDITIONS = DEBUG;
				SWIFT_OPTIMIZATION_LEVEL = "-Onone";
			};
			name = Debug;
		};
		A4882D1426400E700047BC6A /* Release */ = {
			isa = XCBuildConfiguration;
			buildSettings = {
				ALWAYS_SEARCH_USER_PATHS = NO;
				CLANG_ANALYZER_NONNULL = YES;
				CLANG_ANALYZER_NUMBER_OBJECT_CONVERSION = YES_AGGRESSIVE;
				CLANG_CXX_LANGUAGE_STANDARD = "gnu++14";
				CLANG_CXX_LIBRARY = "libc++";
				CLANG_ENABLE_MODULES = YES;
				CLANG_ENABLE_OBJC_ARC = YES;
				CLANG_ENABLE_OBJC_WEAK = YES;
				CLANG_WARN_BLOCK_CAPTURE_AUTORELEASING = YES;
				CLANG_WARN_BOOL_CONVERSION = YES;
				CLANG_WARN_COMMA = YES;
				CLANG_WARN_CONSTANT_CONVERSION = YES;
				CLANG_WARN_DEPRECATED_OBJC_IMPLEMENTATIONS = YES;
				CLANG_WARN_DIRECT_OBJC_ISA_USAGE = YES_ERROR;
				CLANG_WARN_DOCUMENTATION_COMMENTS = YES;
				CLANG_WARN_EMPTY_BODY = YES;
				CLANG_WARN_ENUM_CONVERSION = YES;
				CLANG_WARN_INFINITE_RECURSION = YES;
				CLANG_WARN_INT_CONVERSION = YES;
				CLANG_WARN_NON_LITERAL_NULL_CONVERSION = YES;
				CLANG_WARN_OBJC_IMPLICIT_RETAIN_SELF = YES;
				CLANG_WARN_OBJC_LITERAL_CONVERSION = YES;
				CLANG_WARN_OBJC_ROOT_CLASS = YES_ERROR;
				CLANG_WARN_QUOTED_INCLUDE_IN_FRAMEWORK_HEADER = YES;
				CLANG_WARN_RANGE_LOOP_ANALYSIS = YES;
				CLANG_WARN_STRICT_PROTOTYPES = YES;
				CLANG_WARN_SUSPICIOUS_MOVE = YES;
				CLANG_WARN_UNGUARDED_AVAILABILITY = YES_AGGRESSIVE;
				CLANG_WARN_UNREACHABLE_CODE = YES;
				CLANG_WARN__DUPLICATE_METHOD_MATCH = YES;
				COPY_PHASE_STRIP = NO;
				DEBUG_INFORMATION_FORMAT = "dwarf-with-dsym";
				ENABLE_NS_ASSERTIONS = NO;
				ENABLE_STRICT_OBJC_MSGSEND = YES;
				GCC_C_LANGUAGE_STANDARD = gnu11;
				GCC_NO_COMMON_BLOCKS = YES;
				GCC_WARN_64_TO_32_BIT_CONVERSION = YES;
				GCC_WARN_ABOUT_RETURN_TYPE = YES_ERROR;
				GCC_WARN_UNDECLARED_SELECTOR = YES;
				GCC_WARN_UNINITIALIZED_AUTOS = YES_AGGRESSIVE;
				GCC_WARN_UNUSED_FUNCTION = YES;
				GCC_WARN_UNUSED_VARIABLE = YES;
				IPHONEOS_DEPLOYMENT_TARGET = 14.5;
				MTL_ENABLE_DEBUG_INFO = NO;
				MTL_FAST_MATH = YES;
				SDKROOT = iphoneos;
				SWIFT_COMPILATION_MODE = wholemodule;
				SWIFT_OPTIMIZATION_LEVEL = "-O";
				VALIDATE_PRODUCT = YES;
			};
			name = Release;
		};
		A4882D1626400E700047BC6A /* Debug */ = {
			isa = XCBuildConfiguration;
			baseConfigurationReference = 35AF4403A9BDAEDC99EEAB04 /* Pods-MQTTDemo.debug.xcconfig */;
			buildSettings = {
				ASSETCATALOG_COMPILER_APPICON_NAME = AppIcon;
				ASSETCATALOG_COMPILER_GLOBAL_ACCENT_COLOR_NAME = AccentColor;
				CODE_SIGN_STYLE = Automatic;
				DEVELOPMENT_ASSET_PATHS = "\"MQTTDemo/Preview Content\"";
				DEVELOPMENT_TEAM = 77ZFHD34GD;
				ENABLE_PREVIEWS = YES;
				INFOPLIST_FILE = MQTTDemo/Info.plist;
				IPHONEOS_DEPLOYMENT_TARGET = 14.0;
				LD_RUNPATH_SEARCH_PATHS = (
					"$(inherited)",
					"@executable_path/Frameworks",
				);
				PRODUCT_BUNDLE_IDENTIFIER = com.vicktor9450.MQTTDemo;
				PRODUCT_NAME = "$(TARGET_NAME)";
				SWIFT_VERSION = 5.0;
				TARGETED_DEVICE_FAMILY = "1,2";
			};
			name = Debug;
		};
		A4882D1726400E700047BC6A /* Release */ = {
			isa = XCBuildConfiguration;
			baseConfigurationReference = 73A1E833E0A8BE7A63CD4587 /* Pods-MQTTDemo.release.xcconfig */;
			buildSettings = {
				ASSETCATALOG_COMPILER_APPICON_NAME = AppIcon;
				ASSETCATALOG_COMPILER_GLOBAL_ACCENT_COLOR_NAME = AccentColor;
				CODE_SIGN_STYLE = Automatic;
				DEVELOPMENT_ASSET_PATHS = "\"MQTTDemo/Preview Content\"";
				DEVELOPMENT_TEAM = 77ZFHD34GD;
				ENABLE_PREVIEWS = YES;
				INFOPLIST_FILE = MQTTDemo/Info.plist;
				IPHONEOS_DEPLOYMENT_TARGET = 14.0;
				LD_RUNPATH_SEARCH_PATHS = (
					"$(inherited)",
					"@executable_path/Frameworks",
				);
				PRODUCT_BUNDLE_IDENTIFIER = com.vicktor9450.MQTTDemo;
				PRODUCT_NAME = "$(TARGET_NAME)";
				SWIFT_VERSION = 5.0;
				TARGETED_DEVICE_FAMILY = "1,2";
			};
			name = Release;
		};
/* End XCBuildConfiguration section */

/* Begin XCConfigurationList section */
		A4882D0126400E6F0047BC6A /* Build configuration list for PBXProject "MQTTDemo" */ = {
			isa = XCConfigurationList;
			buildConfigurations = (
				A4882D1326400E700047BC6A /* Debug */,
				A4882D1426400E700047BC6A /* Release */,
			);
			defaultConfigurationIsVisible = 0;
			defaultConfigurationName = Release;
		};
		A4882D1526400E700047BC6A /* Build configuration list for PBXNativeTarget "MQTTDemo" */ = {
			isa = XCConfigurationList;
			buildConfigurations = (
				A4882D1626400E700047BC6A /* Debug */,
				A4882D1726400E700047BC6A /* Release */,
			);
			defaultConfigurationIsVisible = 0;
			defaultConfigurationName = Release;
		};
/* End XCConfigurationList section */
	};
	rootObject = A4882CFE26400E6F0047BC6A /* Project object */;
}
